
Microsoft Visual Studio Solution File, Format Version 12.00
# Visual Studio Version 16
VisualStudioVersion = 16.0.28809.33
MinimumVisualStudioVersion = 10.0.40219.1
Project("{FAE04EC0-301F-11D3-BF4B-00C04F79EFBC}") = "WKD", "WebcomicDownloader\WKD.csproj", "{16FEBF6B-4785-4F94-9BFA-7B920D676233}"
EndProject
Project("{FAE04EC0-301F-11D3-BF4B-00C04F79EFBC}") = "SierraLib.UI", "..\SierraLib.UI\SierraLib.UI.csproj", "{104D4942-3A12-4FF5-9F9B-BFA70F8FE835}"
EndProject
Project("{FAE04EC0-301F-11D3-BF4B-00C04F79EFBC}") = "SierraLib.UI.WPF", "..\SierraLib.UI.WPF\SierraLib.UI.WPF.csproj", "{FDA6B213-CCF0-4C54-9B92-D9F518FE365C}"
EndProject
Project("{FAE04EC0-301F-11D3-BF4B-00C04F79EFBC}") = "SierraLib.Windows", "..\SierraLib.Windows\SierraLib.Windows\SierraLib.Windows.csproj", "{CAC707A0-C944-4DA1-85B4-6F959EB618D8}"
EndProject
Project("{9A19103F-16F7-4668-BE54-9A1E7A4F7556}") = "SierraLib.Analytics", "..\SierraLib.Analytics\SierraLib.Analytics\SierraLib.Analytics.csproj", "{875DC831-EA4A-4BA4-8FE8-E4DE3C971661}"
EndProject
Project("{FAE04EC0-301F-11D3-BF4B-00C04F79EFBC}") = "SierraLib.CrashReporting", "..\SierraLib.CrashReporting\SierraLib.CrashReporting\SierraLib.CrashReporting.csproj", "{73E022E8-00F9-4444-BAB0-4AE4F6E50942}"
EndProject
Project("{FAE04EC0-301F-11D3-BF4B-00C04F79EFBC}") = "SierraLib.Drawing", "..\SierraLib.Drawing\SierraLib.Drawing\SierraLib.Drawing.csproj", "{C106D0D9-E435-45C9-B6B2-BE1D5BDC388C}"
EndProject
Project("{FAE04EC0-301F-11D3-BF4B-00C04F79EFBC}") = "SierraLib.IO", "..\SierraLib.IO\SierraLib.IO\SierraLib.IO.csproj", "{6E3964DA-AB7B-4650-8E07-D43D9C7FE8AB}"
EndProject
Project("{FAE04EC0-301F-11D3-BF4B-00C04F79EFBC}") = "SierraLib.Security", "..\SierraLib.Security\SierraLib.Security.csproj", "{13F2382D-9F9E-4127-95C2-656C5678727F}"
EndProject
Project("{FAE04EC0-301F-11D3-BF4B-00C04F79EFBC}") = "SierraLib.Updates", "..\SierraLib.Updates\SierraLib.Updates\SierraLib.Updates.csproj", "{AC7CD073-FFB7-4356-AF6B-B5EDC039657F}"
EndProject
Project("{FAE04EC0-301F-11D3-BF4B-00C04F79EFBC}") = "SierraLib.Net", "..\SierraLib.Net\SierraLib.Net\SierraLib.Net.csproj", "{6197BE34-BF99-48D7-A58B-7ACD81206CC8}"
EndProject
Project("{FAE04EC0-301F-11D3-BF4B-00C04F79EFBC}") = "SierraLib.RPC", "..\SierraLib.RPC\SierraLib.RPC.csproj", "{A7A3309E-40BF-4405-B1A4-DA743A214ADA}"
EndProject
Global
	GlobalSection(SolutionConfigurationPlatforms) = preSolution
		Debug|Any CPU = Debug|Any CPU
		Debug|Mixed Platforms = Debug|Mixed Platforms
		Debug|x86 = Debug|x86
		Release|Any CPU = Release|Any CPU
		Release|Mixed Platforms = Release|Mixed Platforms
		Release|x86 = Release|x86
		WindowsPhone7|Any CPU = WindowsPhone7|Any CPU
		WindowsPhone7|Mixed Platforms = WindowsPhone7|Mixed Platforms
		WindowsPhone7|x86 = WindowsPhone7|x86
	EndGlobalSection
	GlobalSection(ProjectConfigurationPlatforms) = postSolution
		{16FEBF6B-4785-4F94-9BFA-7B920D676233}.Debug|Any CPU.ActiveCfg = Debug|x86
		{16FEBF6B-4785-4F94-9BFA-7B920D676233}.Debug|Any CPU.Build.0 = Debug|x86
		{16FEBF6B-4785-4F94-9BFA-7B920D676233}.Debug|Mixed Platforms.ActiveCfg = Debug|x86
		{16FEBF6B-4785-4F94-9BFA-7B920D676233}.Debug|Mixed Platforms.Build.0 = Debug|x86
		{16FEBF6B-4785-4F94-9BFA-7B920D676233}.Debug|x86.ActiveCfg = Debug|Any CPU
		{16FEBF6B-4785-4F94-9BFA-7B920D676233}.Debug|x86.Build.0 = Debug|Any CPU
		{16FEBF6B-4785-4F94-9BFA-7B920D676233}.Release|Any CPU.ActiveCfg = Release|x86
		{16FEBF6B-4785-4F94-9BFA-7B920D676233}.Release|Mixed Platforms.ActiveCfg = Release|x86
		{16FEBF6B-4785-4F94-9BFA-7B920D676233}.Release|Mixed Platforms.Build.0 = Release|x86
		{16FEBF6B-4785-4F94-9BFA-7B920D676233}.Release|x86.ActiveCfg = Release|Any CPU
		{16FEBF6B-4785-4F94-9BFA-7B920D676233}.Release|x86.Build.0 = Release|Any CPU
		{16FEBF6B-4785-4F94-9BFA-7B920D676233}.WindowsPhone7|Any CPU.ActiveCfg = Release|Any CPU
		{16FEBF6B-4785-4F94-9BFA-7B920D676233}.WindowsPhone7|Any CPU.Build.0 = Release|Any CPU
		{16FEBF6B-4785-4F94-9BFA-7B920D676233}.WindowsPhone7|Mixed Platforms.ActiveCfg = Release|x86
		{16FEBF6B-4785-4F94-9BFA-7B920D676233}.WindowsPhone7|Mixed Platforms.Build.0 = Release|x86
		{16FEBF6B-4785-4F94-9BFA-7B920D676233}.WindowsPhone7|x86.ActiveCfg = Release|x86
		{16FEBF6B-4785-4F94-9BFA-7B920D676233}.WindowsPhone7|x86.Build.0 = Release|x86
		{104D4942-3A12-4FF5-9F9B-BFA70F8FE835}.Debug|Any CPU.ActiveCfg = Debug|Any CPU
		{104D4942-3A12-4FF5-9F9B-BFA70F8FE835}.Debug|Any CPU.Build.0 = Debug|Any CPU
		{104D4942-3A12-4FF5-9F9B-BFA70F8FE835}.Debug|Mixed Platforms.ActiveCfg = Debug|Any CPU
		{104D4942-3A12-4FF5-9F9B-BFA70F8FE835}.Debug|Mixed Platforms.Build.0 = Debug|Any CPU
		{104D4942-3A12-4FF5-9F9B-BFA70F8FE835}.Debug|x86.ActiveCfg = Debug|Any CPU
		{104D4942-3A12-4FF5-9F9B-BFA70F8FE835}.Debug|x86.Build.0 = Debug|Any CPU
		{104D4942-3A12-4FF5-9F9B-BFA70F8FE835}.Release|Any CPU.ActiveCfg = Release|Any CPU
		{104D4942-3A12-4FF5-9F9B-BFA70F8FE835}.Release|Any CPU.Build.0 = Release|Any CPU
		{104D4942-3A12-4FF5-9F9B-BFA70F8FE835}.Release|Mixed Platforms.ActiveCfg = Release|Any CPU
		{104D4942-3A12-4FF5-9F9B-BFA70F8FE835}.Release|Mixed Platforms.Build.0 = Release|Any CPU
		{104D4942-3A12-4FF5-9F9B-BFA70F8FE835}.Release|x86.ActiveCfg = Release|Any CPU
		{104D4942-3A12-4FF5-9F9B-BFA70F8FE835}.Release|x86.Build.0 = Release|Any CPU
		{104D4942-3A12-4FF5-9F9B-BFA70F8FE835}.WindowsPhone7|Any CPU.ActiveCfg = Release|Any CPU
		{104D4942-3A12-4FF5-9F9B-BFA70F8FE835}.WindowsPhone7|Any CPU.Build.0 = Release|Any CPU
		{104D4942-3A12-4FF5-9F9B-BFA70F8FE835}.WindowsPhone7|Mixed Platforms.ActiveCfg = Release|Any CPU
		{104D4942-3A12-4FF5-9F9B-BFA70F8FE835}.WindowsPhone7|Mixed Platforms.Build.0 = Release|Any CPU
		{104D4942-3A12-4FF5-9F9B-BFA70F8FE835}.WindowsPhone7|x86.ActiveCfg = Release|Any CPU
		{104D4942-3A12-4FF5-9F9B-BFA70F8FE835}.WindowsPhone7|x86.Build.0 = Release|Any CPU
		{FDA6B213-CCF0-4C54-9B92-D9F518FE365C}.Debug|Any CPU.ActiveCfg = Debug|Any CPU
		{FDA6B213-CCF0-4C54-9B92-D9F518FE365C}.Debug|Any CPU.Build.0 = Debug|Any CPU
		{FDA6B213-CCF0-4C54-9B92-D9F518FE365C}.Debug|Mixed Platforms.ActiveCfg = Debug|Any CPU
		{FDA6B213-CCF0-4C54-9B92-D9F518FE365C}.Debug|Mixed Platforms.Build.0 = Debug|Any CPU
		{FDA6B213-CCF0-4C54-9B92-D9F518FE365C}.Debug|x86.ActiveCfg = Debug|Any CPU
		{FDA6B213-CCF0-4C54-9B92-D9F518FE365C}.Debug|x86.Build.0 = Debug|Any CPU
		{FDA6B213-CCF0-4C54-9B92-D9F518FE365C}.Release|Any CPU.ActiveCfg = Release|Any CPU
		{FDA6B213-CCF0-4C54-9B92-D9F518FE365C}.Release|Any CPU.Build.0 = Release|Any CPU
		{FDA6B213-CCF0-4C54-9B92-D9F518FE365C}.Release|Mixed Platforms.ActiveCfg = Release|Any CPU
		{FDA6B213-CCF0-4C54-9B92-D9F518FE365C}.Release|Mixed Platforms.Build.0 = Release|Any CPU
		{FDA6B213-CCF0-4C54-9B92-D9F518FE365C}.Release|x86.ActiveCfg = Release|Any CPU
		{FDA6B213-CCF0-4C54-9B92-D9F518FE365C}.Release|x86.Build.0 = Release|Any CPU
		{FDA6B213-CCF0-4C54-9B92-D9F518FE365C}.WindowsPhone7|Any CPU.ActiveCfg = Release|Any CPU
		{FDA6B213-CCF0-4C54-9B92-D9F518FE365C}.WindowsPhone7|Any CPU.Build.0 = Release|Any CPU
		{FDA6B213-CCF0-4C54-9B92-D9F518FE365C}.WindowsPhone7|Mixed Platforms.ActiveCfg = Release|Any CPU
		{FDA6B213-CCF0-4C54-9B92-D9F518FE365C}.WindowsPhone7|Mixed Platforms.Build.0 = Release|Any CPU
		{FDA6B213-CCF0-4C54-9B92-D9F518FE365C}.WindowsPhone7|x86.ActiveCfg = Release|Any CPU
		{FDA6B213-CCF0-4C54-9B92-D9F518FE365C}.WindowsPhone7|x86.Build.0 = Release|Any CPU
		{CAC707A0-C944-4DA1-85B4-6F959EB618D8}.Debug|Any CPU.ActiveCfg = Debug|Any CPU
		{CAC707A0-C944-4DA1-85B4-6F959EB618D8}.Debug|Any CPU.Build.0 = Debug|Any CPU
		{CAC707A0-C944-4DA1-85B4-6F959EB618D8}.Debug|Mixed Platforms.ActiveCfg = Debug|Any CPU
		{CAC707A0-C944-4DA1-85B4-6F959EB618D8}.Debug|Mixed Platforms.Build.0 = Debug|Any CPU
		{CAC707A0-C944-4DA1-85B4-6F959EB618D8}.Debug|x86.ActiveCfg = Debug|Any CPU
		{CAC707A0-C944-4DA1-85B4-6F959EB618D8}.Debug|x86.Build.0 = Debug|Any CPU
		{CAC707A0-C944-4DA1-85B4-6F959EB618D8}.Release|Any CPU.ActiveCfg = Release|Any CPU
		{CAC707A0-C944-4DA1-85B4-6F959EB618D8}.Release|Any CPU.Build.0 = Release|Any CPU
		{CAC707A0-C944-4DA1-85B4-6F959EB618D8}.Release|Mixed Platforms.ActiveCfg = Release|Any CPU
		{CAC707A0-C944-4DA1-85B4-6F959EB618D8}.Release|Mixed Platforms.Build.0 = Release|Any CPU
		{CAC707A0-C944-4DA1-85B4-6F959EB618D8}.Release|x86.ActiveCfg = Release|Any CPU
		{CAC707A0-C944-4DA1-85B4-6F959EB618D8}.Release|x86.Build.0 = Release|Any CPU
		{CAC707A0-C944-4DA1-85B4-6F959EB618D8}.WindowsPhone7|Any CPU.ActiveCfg = Release|Any CPU
		{CAC707A0-C944-4DA1-85B4-6F959EB618D8}.WindowsPhone7|Any CPU.Build.0 = Release|Any CPU
		{CAC707A0-C944-4DA1-85B4-6F959EB618D8}.WindowsPhone7|Mixed Platforms.ActiveCfg = Release|Any CPU
		{CAC707A0-C944-4DA1-85B4-6F959EB618D8}.WindowsPhone7|Mixed Platforms.Build.0 = Release|Any CPU
		{CAC707A0-C944-4DA1-85B4-6F959EB618D8}.WindowsPhone7|x86.ActiveCfg = Release|Any CPU
		{CAC707A0-C944-4DA1-85B4-6F959EB618D8}.WindowsPhone7|x86.Build.0 = Release|Any CPU
		{875DC831-EA4A-4BA4-8FE8-E4DE3C971661}.Debug|Any CPU.ActiveCfg = Debug|Any CPU
		{875DC831-EA4A-4BA4-8FE8-E4DE3C971661}.Debug|Any CPU.Build.0 = Debug|Any CPU
		{875DC831-EA4A-4BA4-8FE8-E4DE3C971661}.Debug|Mixed Platforms.ActiveCfg = Debug|Any CPU
		{875DC831-EA4A-4BA4-8FE8-E4DE3C971661}.Debug|Mixed Platforms.Build.0 = Debug|Any CPU
		{875DC831-EA4A-4BA4-8FE8-E4DE3C971661}.Debug|x86.ActiveCfg = Debug|Any CPU
		{875DC831-EA4A-4BA4-8FE8-E4DE3C971661}.Debug|x86.Build.0 = Debug|Any CPU
		{875DC831-EA4A-4BA4-8FE8-E4DE3C971661}.Release|Any CPU.ActiveCfg = Release|Any CPU
		{875DC831-EA4A-4BA4-8FE8-E4DE3C971661}.Release|Any CPU.Build.0 = Release|Any CPU
		{875DC831-EA4A-4BA4-8FE8-E4DE3C971661}.Release|Mixed Platforms.ActiveCfg = Release|Any CPU
		{875DC831-EA4A-4BA4-8FE8-E4DE3C971661}.Release|Mixed Platforms.Build.0 = Release|Any CPU
		{875DC831-EA4A-4BA4-8FE8-E4DE3C971661}.Release|x86.ActiveCfg = Release|Any CPU
		{875DC831-EA4A-4BA4-8FE8-E4DE3C971661}.Release|x86.Build.0 = Release|Any CPU
		{875DC831-EA4A-4BA4-8FE8-E4DE3C971661}.WindowsPhone7|Any CPU.ActiveCfg = Debug|Any CPU
		{875DC831-EA4A-4BA4-8FE8-E4DE3C971661}.WindowsPhone7|Any CPU.Build.0 = Debug|Any CPU
		{875DC831-EA4A-4BA4-8FE8-E4DE3C971661}.WindowsPhone7|Mixed Platforms.ActiveCfg = Debug|Any CPU
		{875DC831-EA4A-4BA4-8FE8-E4DE3C971661}.WindowsPhone7|Mixed Platforms.Build.0 = Debug|Any CPU
		{875DC831-EA4A-4BA4-8FE8-E4DE3C971661}.WindowsPhone7|x86.ActiveCfg = Debug|Any CPU
		{875DC831-EA4A-4BA4-8FE8-E4DE3C971661}.WindowsPhone7|x86.Build.0 = Debug|Any CPU
		{73E022E8-00F9-4444-BAB0-4AE4F6E50942}.Debug|Any CPU.ActiveCfg = Debug|Any CPU
		{73E022E8-00F9-4444-BAB0-4AE4F6E50942}.Debug|Any CPU.Build.0 = Debug|Any CPU
		{73E022E8-00F9-4444-BAB0-4AE4F6E50942}.Debug|Mixed Platforms.ActiveCfg = Debug|Any CPU
		{73E022E8-00F9-4444-BAB0-4AE4F6E50942}.Debug|Mixed Platforms.Build.0 = Debug|Any CPU
		{73E022E8-00F9-4444-BAB0-4AE4F6E50942}.Debug|x86.ActiveCfg = Debug|Any CPU
		{73E022E8-00F9-4444-BAB0-4AE4F6E50942}.Debug|x86.Build.0 = Debug|Any CPU
		{73E022E8-00F9-4444-BAB0-4AE4F6E50942}.Release|Any CPU.ActiveCfg = Release|Any CPU
		{73E022E8-00F9-4444-BAB0-4AE4F6E50942}.Release|Any CPU.Build.0 = Release|Any CPU
		{73E022E8-00F9-4444-BAB0-4AE4F6E50942}.Release|Mixed Platforms.ActiveCfg = Release|Any CPU
		{73E022E8-00F9-4444-BAB0-4AE4F6E50942}.Release|Mixed Platforms.Build.0 = Release|Any CPU
		{73E022E8-00F9-4444-BAB0-4AE4F6E50942}.Release|x86.ActiveCfg = Release|Any CPU
		{73E022E8-00F9-4444-BAB0-4AE4F6E50942}.Release|x86.Build.0 = Release|Any CPU
		{73E022E8-00F9-4444-BAB0-4AE4F6E50942}.WindowsPhone7|Any CPU.ActiveCfg = Release|Any CPU
		{73E022E8-00F9-4444-BAB0-4AE4F6E50942}.WindowsPhone7|Any CPU.Build.0 = Release|Any CPU
		{73E022E8-00F9-4444-BAB0-4AE4F6E50942}.WindowsPhone7|Mixed Platforms.ActiveCfg = Release|Any CPU
		{73E022E8-00F9-4444-BAB0-4AE4F6E50942}.WindowsPhone7|Mixed Platforms.Build.0 = Release|Any CPU
		{73E022E8-00F9-4444-BAB0-4AE4F6E50942}.WindowsPhone7|x86.ActiveCfg = Release|Any CPU
		{73E022E8-00F9-4444-BAB0-4AE4F6E50942}.WindowsPhone7|x86.Build.0 = Release|Any CPU
		{C106D0D9-E435-45C9-B6B2-BE1D5BDC388C}.Debug|Any CPU.ActiveCfg = Debug|Any CPU
		{C106D0D9-E435-45C9-B6B2-BE1D5BDC388C}.Debug|Any CPU.Build.0 = Debug|Any CPU
		{C106D0D9-E435-45C9-B6B2-BE1D5BDC388C}.Debug|Mixed Platforms.ActiveCfg = Debug|Any CPU
		{C106D0D9-E435-45C9-B6B2-BE1D5BDC388C}.Debug|Mixed Platforms.Build.0 = Debug|Any CPU
		{C106D0D9-E435-45C9-B6B2-BE1D5BDC388C}.Debug|x86.ActiveCfg = Debug|Any CPU
		{C106D0D9-E435-45C9-B6B2-BE1D5BDC388C}.Debug|x86.Build.0 = Debug|Any CPU
		{C106D0D9-E435-45C9-B6B2-BE1D5BDC388C}.Release|Any CPU.ActiveCfg = Release|Any CPU
		{C106D0D9-E435-45C9-B6B2-BE1D5BDC388C}.Release|Any CPU.Build.0 = Release|Any CPU
		{C106D0D9-E435-45C9-B6B2-BE1D5BDC388C}.Release|Mixed Platforms.ActiveCfg = Release|Any CPU
		{C106D0D9-E435-45C9-B6B2-BE1D5BDC388C}.Release|Mixed Platforms.Build.0 = Release|Any CPU
		{C106D0D9-E435-45C9-B6B2-BE1D5BDC388C}.Release|x86.ActiveCfg = Release|Any CPU
		{C106D0D9-E435-45C9-B6B2-BE1D5BDC388C}.Release|x86.Build.0 = Release|Any CPU
		{C106D0D9-E435-45C9-B6B2-BE1D5BDC388C}.WindowsPhone7|Any CPU.ActiveCfg = WindowsPhone7|Any CPU
		{C106D0D9-E435-45C9-B6B2-BE1D5BDC388C}.WindowsPhone7|Any CPU.Build.0 = WindowsPhone7|Any CPU
		{C106D0D9-E435-45C9-B6B2-BE1D5BDC388C}.WindowsPhone7|Mixed Platforms.ActiveCfg = WindowsPhone7|Any CPU
		{C106D0D9-E435-45C9-B6B2-BE1D5BDC388C}.WindowsPhone7|Mixed Platforms.Build.0 = WindowsPhone7|Any CPU
		{C106D0D9-E435-45C9-B6B2-BE1D5BDC388C}.WindowsPhone7|x86.ActiveCfg = WindowsPhone7|Any CPU
		{C106D0D9-E435-45C9-B6B2-BE1D5BDC388C}.WindowsPhone7|x86.Build.0 = WindowsPhone7|Any CPU
		{6E3964DA-AB7B-4650-8E07-D43D9C7FE8AB}.Debug|Any CPU.ActiveCfg = Debug|Any CPU
		{6E3964DA-AB7B-4650-8E07-D43D9C7FE8AB}.Debug|Any CPU.Build.0 = Debug|Any CPU
		{6E3964DA-AB7B-4650-8E07-D43D9C7FE8AB}.Debug|Mixed Platforms.ActiveCfg = Debug|Any CPU
		{6E3964DA-AB7B-4650-8E07-D43D9C7FE8AB}.Debug|Mixed Platforms.Build.0 = Debug|Any CPU
		{6E3964DA-AB7B-4650-8E07-D43D9C7FE8AB}.Debug|x86.ActiveCfg = Debug|Any CPU
		{6E3964DA-AB7B-4650-8E07-D43D9C7FE8AB}.Debug|x86.Build.0 = Debug|Any CPU
		{6E3964DA-AB7B-4650-8E07-D43D9C7FE8AB}.Release|Any CPU.ActiveCfg = Release|Any CPU
		{6E3964DA-AB7B-4650-8E07-D43D9C7FE8AB}.Release|Any CPU.Build.0 = Release|Any CPU
		{6E3964DA-AB7B-4650-8E07-D43D9C7FE8AB}.Release|Mixed Platforms.ActiveCfg = Release|Any CPU
		{6E3964DA-AB7B-4650-8E07-D43D9C7FE8AB}.Release|Mixed Platforms.Build.0 = Release|Any CPU
		{6E3964DA-AB7B-4650-8E07-D43D9C7FE8AB}.Release|x86.ActiveCfg = Release|Any CPU
		{6E3964DA-AB7B-4650-8E07-D43D9C7FE8AB}.Release|x86.Build.0 = Release|Any CPU
		{6E3964DA-AB7B-4650-8E07-D43D9C7FE8AB}.WindowsPhone7|Any CPU.ActiveCfg = Release|Any CPU
		{6E3964DA-AB7B-4650-8E07-D43D9C7FE8AB}.WindowsPhone7|Any CPU.Build.0 = Release|Any CPU
		{6E3964DA-AB7B-4650-8E07-D43D9C7FE8AB}.WindowsPhone7|Mixed Platforms.ActiveCfg = Release|Any CPU
		{6E3964DA-AB7B-4650-8E07-D43D9C7FE8AB}.WindowsPhone7|Mixed Platforms.Build.0 = Release|Any CPU
		{6E3964DA-AB7B-4650-8E07-D43D9C7FE8AB}.WindowsPhone7|x86.ActiveCfg = Release|Any CPU
		{6E3964DA-AB7B-4650-8E07-D43D9C7FE8AB}.WindowsPhone7|x86.Build.0 = Release|Any CPU
		{13F2382D-9F9E-4127-95C2-656C5678727F}.Debug|Any CPU.ActiveCfg = Debug|Any CPU
		{13F2382D-9F9E-4127-95C2-656C5678727F}.Debug|Any CPU.Build.0 = Debug|Any CPU
		{13F2382D-9F9E-4127-95C2-656C5678727F}.Debug|Mixed Platforms.ActiveCfg = Debug|Any CPU
		{13F2382D-9F9E-4127-95C2-656C5678727F}.Debug|Mixed Platforms.Build.0 = Debug|Any CPU
		{13F2382D-9F9E-4127-95C2-656C5678727F}.Debug|x86.ActiveCfg = Debug|Any CPU
		{13F2382D-9F9E-4127-95C2-656C5678727F}.Debug|x86.Build.0 = Debug|Any CPU
		{13F2382D-9F9E-4127-95C2-656C5678727F}.Release|Any CPU.ActiveCfg = Release|Any CPU
		{13F2382D-9F9E-4127-95C2-656C5678727F}.Release|Any CPU.Build.0 = Release|Any CPU
		{13F2382D-9F9E-4127-95C2-656C5678727F}.Release|Mixed Platforms.ActiveCfg = Release|Any CPU
		{13F2382D-9F9E-4127-95C2-656C5678727F}.Release|Mixed Platforms.Build.0 = Release|Any CPU
		{13F2382D-9F9E-4127-95C2-656C5678727F}.Release|x86.ActiveCfg = Release|Any CPU
		{13F2382D-9F9E-4127-95C2-656C5678727F}.Release|x86.Build.0 = Release|Any CPU
		{13F2382D-9F9E-4127-95C2-656C5678727F}.WindowsPhone7|Any CPU.ActiveCfg = Release|Any CPU
		{13F2382D-9F9E-4127-95C2-656C5678727F}.WindowsPhone7|Any CPU.Build.0 = Release|Any CPU
		{13F2382D-9F9E-4127-95C2-656C5678727F}.WindowsPhone7|Mixed Platforms.ActiveCfg = Release|Any CPU
		{13F2382D-9F9E-4127-95C2-656C5678727F}.WindowsPhone7|Mixed Platforms.Build.0 = Release|Any CPU
		{13F2382D-9F9E-4127-95C2-656C5678727F}.WindowsPhone7|x86.ActiveCfg = Release|Any CPU
		{13F2382D-9F9E-4127-95C2-656C5678727F}.WindowsPhone7|x86.Build.0 = Release|Any CPU
		{AC7CD073-FFB7-4356-AF6B-B5EDC039657F}.Debug|Any CPU.ActiveCfg = Debug|Any CPU
		{AC7CD073-FFB7-4356-AF6B-B5EDC039657F}.Debug|Any CPU.Build.0 = Debug|Any CPU
		{AC7CD073-FFB7-4356-AF6B-B5EDC039657F}.Debug|Mixed Platforms.ActiveCfg = Debug|Any CPU
		{AC7CD073-FFB7-4356-AF6B-B5EDC039657F}.Debug|Mixed Platforms.Build.0 = Debug|Any CPU
		{AC7CD073-FFB7-4356-AF6B-B5EDC039657F}.Debug|x86.ActiveCfg = Debug|Any CPU
		{AC7CD073-FFB7-4356-AF6B-B5EDC039657F}.Debug|x86.Build.0 = Debug|Any CPU
		{AC7CD073-FFB7-4356-AF6B-B5EDC039657F}.Release|Any CPU.ActiveCfg = Release|Any CPU
		{AC7CD073-FFB7-4356-AF6B-B5EDC039657F}.Release|Any CPU.Build.0 = Release|Any CPU
		{AC7CD073-FFB7-4356-AF6B-B5EDC039657F}.Release|Mixed Platforms.ActiveCfg = Release|Any CPU
		{AC7CD073-FFB7-4356-AF6B-B5EDC039657F}.Release|Mixed Platforms.Build.0 = Release|Any CPU
		{AC7CD073-FFB7-4356-AF6B-B5EDC039657F}.Release|x86.ActiveCfg = Release|Any CPU
		{AC7CD073-FFB7-4356-AF6B-B5EDC039657F}.Release|x86.Build.0 = Release|Any CPU
		{AC7CD073-FFB7-4356-AF6B-B5EDC039657F}.WindowsPhone7|Any CPU.ActiveCfg = Release|Any CPU
		{AC7CD073-FFB7-4356-AF6B-B5EDC039657F}.WindowsPhone7|Any CPU.Build.0 = Release|Any CPU
		{AC7CD073-FFB7-4356-AF6B-B5EDC039657F}.WindowsPhone7|Mixed Platforms.ActiveCfg = Release|Any CPU
		{AC7CD073-FFB7-4356-AF6B-B5EDC039657F}.WindowsPhone7|Mixed Platforms.Build.0 = Release|Any CPU
		{AC7CD073-FFB7-4356-AF6B-B5EDC039657F}.WindowsPhone7|x86.ActiveCfg = Release|Any CPU
		{AC7CD073-FFB7-4356-AF6B-B5EDC039657F}.WindowsPhone7|x86.Build.0 = Release|Any CPU
		{6197BE34-BF99-48D7-A58B-7ACD81206CC8}.Debug|Any CPU.ActiveCfg = Debug|Any CPU
		{6197BE34-BF99-48D7-A58B-7ACD81206CC8}.Debug|Any CPU.Build.0 = Debug|Any CPU
		{6197BE34-BF99-48D7-A58B-7ACD81206CC8}.Debug|Mixed Platforms.ActiveCfg = Debug|Any CPU
		{6197BE34-BF99-48D7-A58B-7ACD81206CC8}.Debug|Mixed Platforms.Build.0 = Debug|Any CPU
		{6197BE34-BF99-48D7-A58B-7ACD81206CC8}.Debug|x86.ActiveCfg = Debug|Any CPU
		{6197BE34-BF99-48D7-A58B-7ACD81206CC8}.Debug|x86.Build.0 = Debug|Any CPU
		{6197BE34-BF99-48D7-A58B-7ACD81206CC8}.Release|Any CPU.ActiveCfg = Release|Any CPU
		{6197BE34-BF99-48D7-A58B-7ACD81206CC8}.Release|Any CPU.Build.0 = Release|Any CPU
		{6197BE34-BF99-48D7-A58B-7ACD81206CC8}.Release|Mixed Platforms.ActiveCfg = Release|Any CPU
		{6197BE34-BF99-48D7-A58B-7ACD81206CC8}.Release|Mixed Platforms.Build.0 = Release|Any CPU
		{6197BE34-BF99-48D7-A58B-7ACD81206CC8}.Release|x86.ActiveCfg = Release|Any CPU
		{6197BE34-BF99-48D7-A58B-7ACD81206CC8}.Release|x86.Build.0 = Release|Any CPU
		{6197BE34-BF99-48D7-A58B-7ACD81206CC8}.WindowsPhone7|Any CPU.ActiveCfg = Release|Any CPU
		{6197BE34-BF99-48D7-A58B-7ACD81206CC8}.WindowsPhone7|Any CPU.Build.0 = Release|Any CPU
		{6197BE34-BF99-48D7-A58B-7ACD81206CC8}.WindowsPhone7|Mixed Platforms.ActiveCfg = Release|Any CPU
		{6197BE34-BF99-48D7-A58B-7ACD81206CC8}.WindowsPhone7|Mixed Platforms.Build.0 = Release|Any CPU
		{6197BE34-BF99-48D7-A58B-7ACD81206CC8}.WindowsPhone7|x86.ActiveCfg = Release|Any CPU
		{6197BE34-BF99-48D7-A58B-7ACD81206CC8}.WindowsPhone7|x86.Build.0 = Release|Any CPU
		{A7A3309E-40BF-4405-B1A4-DA743A214ADA}.Debug|Any CPU.ActiveCfg = Debug|Any CPU
		{A7A3309E-40BF-4405-B1A4-DA743A214ADA}.Debug|Any CPU.Build.0 = Debug|Any CPU
		{A7A3309E-40BF-4405-B1A4-DA743A214ADA}.Debug|Mixed Platforms.ActiveCfg = Debug|Any CPU
		{A7A3309E-40BF-4405-B1A4-DA743A214ADA}.Debug|Mixed Platforms.Build.0 = Debug|Any CPU
		{A7A3309E-40BF-4405-B1A4-DA743A214ADA}.Debug|x86.ActiveCfg = Debug|Any CPU
		{A7A3309E-40BF-4405-B1A4-DA743A214ADA}.Debug|x86.Build.0 = Debug|Any CPU
		{A7A3309E-40BF-4405-B1A4-DA743A214ADA}.Release|Any CPU.ActiveCfg = Release|Any CPU
		{A7A3309E-40BF-4405-B1A4-DA743A214ADA}.Release|Any CPU.Build.0 = Release|Any CPU
		{A7A3309E-40BF-4405-B1A4-DA743A214ADA}.Release|Mixed Platforms.ActiveCfg = Release|Any CPU
		{A7A3309E-40BF-4405-B1A4-DA743A214ADA}.Release|Mixed Platforms.Build.0 = Release|Any CPU
		{A7A3309E-40BF-4405-B1A4-DA743A214ADA}.Release|x86.ActiveCfg = Release|Any CPU
		{A7A3309E-40BF-4405-B1A4-DA743A214ADA}.Release|x86.Build.0 = Release|Any CPU
		{A7A3309E-40BF-4405-B1A4-DA743A214ADA}.WindowsPhone7|Any CPU.ActiveCfg = Release|Any CPU
		{A7A3309E-40BF-4405-B1A4-DA743A214ADA}.WindowsPhone7|Any CPU.Build.0 = Release|Any CPU
		{A7A3309E-40BF-4405-B1A4-DA743A214ADA}.WindowsPhone7|Mixed Platforms.ActiveCfg = Release|Any CPU
		{A7A3309E-40BF-4405-B1A4-DA743A214ADA}.WindowsPhone7|Mixed Platforms.Build.0 = Release|Any CPU
		{A7A3309E-40BF-4405-B1A4-DA743A214ADA}.WindowsPhone7|x86.ActiveCfg = Release|Any CPU
		{A7A3309E-40BF-4405-B1A4-DA743A214ADA}.WindowsPhone7|x86.Build.0 = Release|Any CPU
	EndGlobalSection
	GlobalSection(SolutionProperties) = preSolution
		HideSolutionNode = FALSE
	EndGlobalSection
	GlobalSection(ExtensibilityGlobals) = postSolution
		SolutionGuid = {A9C1DAA2-9E72-4719-AEC7-B3E29BF0263A}
	EndGlobalSection
EndGlobal
